{
  "name": "opencode-lisa",
  "version": "0.5.0",
  "lockfileVersion": 3,
  "requires": true,
  "packages": {
    "": {
      "name": "opencode-lisa",
      "version": "0.5.0",
      "license": "MIT",
      "dependencies": {
        "opencode-lisa": "^0.2.1"
      },
      "devDependencies": {
        "@opencode-ai/plugin": "^1.1.25",
        "typescript": "^5.0.0"
      },
      "peerDependencies": {
        "@opencode-ai/plugin": ">=1.0.0"
      }
    },
    "node_modules/@opencode-ai/plugin": {
      "version": "1.1.25",
      "license": "MIT",
      "dependencies": {
        "@opencode-ai/sdk": "1.1.25",
        "zod": "4.1.8"
      }
    },
    "node_modules/@opencode-ai/sdk": {
      "version": "1.1.25",
      "license": "MIT"
    },
    "node_modules/opencode-lisa": {
      "version": "0.2.1",
      "resolved": "https://registry.npmjs.org/opencode-lisa/-/opencode-lisa-0.2.1.tgz",
      "integrity": "sha512-vy5CckIDr6PIioqQKi2r3bAQnLZ6Gq1Jdshzop3IMRc7cUaOzxOKGw76Q1Y2k/C80t75BPdBd9CaWOQApO2Enw==",
      "license": "MIT",
      "peerDependencies": {
        "@opencode-ai/plugin": ">=1.0.0"
      }
    },
    "node_modules/typescript": {
      "version": "5.9.3",
      "dev": true,
      "license": "Apache-2.0",
      "bin": {
        "tsc": "bin/tsc",
        "tsserver": "bin/tsserver"
      },
      "engines": {
        "node": ">=14.17"
      }
    },
    "node_modules/zod": {
      "version": "4.1.8",
      "license": "MIT",
      "funding": {
        "url": "https://github.com/sponsors/colinhacks"
      }
    }
  }
}
